// !$*UTF8*$!
{
	archiveVersion = 1;
	classes = {
	};
	objectVersion = 55;
	objects = {

/* Begin PBXBuildFile section */
		060FAD1728CAD17300E66AB3 /* UISegmentedControl+Extension.swift in Sources */ = {isa = PBXBuildFile; fileRef = 060FAD1628CAD17300E66AB3 /* UISegmentedControl+Extension.swift */; };
		060FAD1C28CADFAE00E66AB3 /* TravelInfoDatePicker.swift in Sources */ = {isa = PBXBuildFile; fileRef = 060FAD1B28CADFAE00E66AB3 /* TravelInfoDatePicker.swift */; };
		060FAD1E28CAE0BC00E66AB3 /* CustomTF.swift in Sources */ = {isa = PBXBuildFile; fileRef = 060FAD1D28CAE0BC00E66AB3 /* CustomTF.swift */; };
		062519F428C68AAB008605F1 /* AppDelegate.swift in Sources */ = {isa = PBXBuildFile; fileRef = 062519F328C68AAB008605F1 /* AppDelegate.swift */; };
		062519F628C68AAB008605F1 /* SceneDelegate.swift in Sources */ = {isa = PBXBuildFile; fileRef = 062519F528C68AAB008605F1 /* SceneDelegate.swift */; };
		062519FE28C68AAB008605F1 /* MuvverApp.xcdatamodeld in Sources */ = {isa = PBXBuildFile; fileRef = 062519FC28C68AAB008605F1 /* MuvverApp.xcdatamodeld */; };
		06251A0028C68AAC008605F1 /* Assets.xcassets in Resources */ = {isa = PBXBuildFile; fileRef = 062519FF28C68AAC008605F1 /* Assets.xcassets */; };
		06251A0328C68AAC008605F1 /* LaunchScreen.storyboard in Resources */ = {isa = PBXBuildFile; fileRef = 06251A0128C68AAC008605F1 /* LaunchScreen.storyboard */; };
		06251A0E28C68AAC008605F1 /* MuvverAppTests.swift in Sources */ = {isa = PBXBuildFile; fileRef = 06251A0D28C68AAC008605F1 /* MuvverAppTests.swift */; };
		06251A1828C68AAC008605F1 /* MuvverAppUITests.swift in Sources */ = {isa = PBXBuildFile; fileRef = 06251A1728C68AAC008605F1 /* MuvverAppUITests.swift */; };
		06251A1A28C68AAC008605F1 /* MuvverAppUITestsLaunchTests.swift in Sources */ = {isa = PBXBuildFile; fileRef = 06251A1928C68AAC008605F1 /* MuvverAppUITestsLaunchTests.swift */; };
		064B433F28C98EA8003EBAD4 /* SelectTransportScreenViewModel.swift in Sources */ = {isa = PBXBuildFile; fileRef = 064B433E28C98EA8003EBAD4 /* SelectTransportScreenViewModel.swift */; };
		066161CB28C92307009799A5 /* SelectTransportScreenViewController.swift in Sources */ = {isa = PBXBuildFile; fileRef = 066161CA28C92307009799A5 /* SelectTransportScreenViewController.swift */; };
		066161CE28C9239A009799A5 /* SelectTransportScreenCoordinator.swift in Sources */ = {isa = PBXBuildFile; fileRef = 066161CD28C9239A009799A5 /* SelectTransportScreenCoordinator.swift */; };
		066161D028C94B01009799A5 /* SelectTransportScreenView.swift in Sources */ = {isa = PBXBuildFile; fileRef = 066161CF28C94B01009799A5 /* SelectTransportScreenView.swift */; };
		066161D328C94EAF009799A5 /* BlackGradientNavigation.swift in Sources */ = {isa = PBXBuildFile; fileRef = 066161D228C94EAF009799A5 /* BlackGradientNavigation.swift */; };
		066161D528C95C4A009799A5 /* NextScreenGreenButton.swift in Sources */ = {isa = PBXBuildFile; fileRef = 066161D428C95C4A009799A5 /* NextScreenGreenButton.swift */; };
		066161D728C98665009799A5 /* SelectTransportTableViewCell.swift in Sources */ = {isa = PBXBuildFile; fileRef = 066161D628C98665009799A5 /* SelectTransportTableViewCell.swift */; };
		066AB34528CA937B00171CD5 /* TravelInfoScreenCoordinator.swift in Sources */ = {isa = PBXBuildFile; fileRef = 066AB34428CA937B00171CD5 /* TravelInfoScreenCoordinator.swift */; };
		066AB34728CA93D200171CD5 /* TravelInfoScreenViewController.swift in Sources */ = {isa = PBXBuildFile; fileRef = 066AB34628CA93D200171CD5 /* TravelInfoScreenViewController.swift */; };
		066AB34928CA99EF00171CD5 /* TravelInfoScreenView.swift in Sources */ = {isa = PBXBuildFile; fileRef = 066AB34828CA99EF00171CD5 /* TravelInfoScreenView.swift */; };
		06781B8728CAF55A00762024 /* TravelInfoScreenViewModel.swift in Sources */ = {isa = PBXBuildFile; fileRef = 06781B8628CAF55A00762024 /* TravelInfoScreenViewModel.swift */; };
		06781B8C28CBE0C100762024 /* VolumeSizeCoordinator.swift in Sources */ = {isa = PBXBuildFile; fileRef = 06781B8B28CBE0C100762024 /* VolumeSizeCoordinator.swift */; };
		06781B8E28CBE0DD00762024 /* VolumeSizeController.swift in Sources */ = {isa = PBXBuildFile; fileRef = 06781B8D28CBE0DD00762024 /* VolumeSizeController.swift */; };
		06781B9028CBE2DB00762024 /* VolumeSizeView.swift in Sources */ = {isa = PBXBuildFile; fileRef = 06781B8F28CBE2DB00762024 /* VolumeSizeView.swift */; };
		067CAA6A28CBEB4F001FE5C1 /* VolumeSizeViewModel.swift in Sources */ = {isa = PBXBuildFile; fileRef = 067CAA6928CBEB4F001FE5C1 /* VolumeSizeViewModel.swift */; };
		067CAA6D28CBECF9001FE5C1 /* VolumeSizeViewTableCell.swift in Sources */ = {isa = PBXBuildFile; fileRef = 067CAA6C28CBECF9001FE5C1 /* VolumeSizeViewTableCell.swift */; };
		069227BD28C6CB5700C3D716 /* Coordinator.swift in Sources */ = {isa = PBXBuildFile; fileRef = 069227BC28C6CB5700C3D716 /* Coordinator.swift */; };
		069227C028C6D61500C3D716 /* TabBarCoordinator.swift in Sources */ = {isa = PBXBuildFile; fileRef = 069227BF28C6D61500C3D716 /* TabBarCoordinator.swift */; };
		069227C228C6D67800C3D716 /* MenuTabBarController.swift in Sources */ = {isa = PBXBuildFile; fileRef = 069227C128C6D67800C3D716 /* MenuTabBarController.swift */; };
		069227CE28C6D82500C3D716 /* HomeScreenViewController.swift in Sources */ = {isa = PBXBuildFile; fileRef = 069227CD28C6D82500C3D716 /* HomeScreenViewController.swift */; };
		069227D028C6D86200C3D716 /* NotificationsScreenViewController.swift in Sources */ = {isa = PBXBuildFile; fileRef = 069227CF28C6D86200C3D716 /* NotificationsScreenViewController.swift */; };
		069227D228C6D88500C3D716 /* ChatScreenViewController.swift in Sources */ = {isa = PBXBuildFile; fileRef = 069227D128C6D88500C3D716 /* ChatScreenViewController.swift */; };
		069227D428C6D8AA00C3D716 /* RequestsScreenViewController.swift in Sources */ = {isa = PBXBuildFile; fileRef = 069227D328C6D8AA00C3D716 /* RequestsScreenViewController.swift */; };
		069227D628C6D8BB00C3D716 /* DeliveriesScreenViewController.swift in Sources */ = {isa = PBXBuildFile; fileRef = 069227D528C6D8BB00C3D716 /* DeliveriesScreenViewController.swift */; };
		069227DD28C6D9AC00C3D716 /* HomeScreenCoordinator.swift in Sources */ = {isa = PBXBuildFile; fileRef = 069227DC28C6D9AC00C3D716 /* HomeScreenCoordinator.swift */; };
		069227DF28C6D9EB00C3D716 /* NotificationsScreenCoordinator.swift in Sources */ = {isa = PBXBuildFile; fileRef = 069227DE28C6D9EB00C3D716 /* NotificationsScreenCoordinator.swift */; };
		069227E128C6DA1F00C3D716 /* ChatScreenCoordinator.swift in Sources */ = {isa = PBXBuildFile; fileRef = 069227E028C6DA1F00C3D716 /* ChatScreenCoordinator.swift */; };
		069227E328C6DA7A00C3D716 /* RequestsScreenCoordinator.swift in Sources */ = {isa = PBXBuildFile; fileRef = 069227E228C6DA7A00C3D716 /* RequestsScreenCoordinator.swift */; };
		069227E528C6DA9E00C3D716 /* DeliveriesScreenCoordinator.swift in Sources */ = {isa = PBXBuildFile; fileRef = 069227E428C6DA9E00C3D716 /* DeliveriesScreenCoordinator.swift */; };
		069227E828C6E2F900C3D716 /* HomeScreenView.swift in Sources */ = {isa = PBXBuildFile; fileRef = 069227E728C6E2F800C3D716 /* HomeScreenView.swift */; };
		069227EB28C6F9F900C3D716 /* BlackBox.swift in Sources */ = {isa = PBXBuildFile; fileRef = 069227EA28C6F9F900C3D716 /* BlackBox.swift */; };
		069227ED28C6FB3F00C3D716 /* GradientView.swift in Sources */ = {isa = PBXBuildFile; fileRef = 069227EC28C6FB3F00C3D716 /* GradientView.swift */; };
		127CA7E7333519C9A39A3E1F /* Pods_MuvverApp.framework in Frameworks */ = {isa = PBXBuildFile; fileRef = 19FC4B3108F77A3BEA1D1836 /* Pods_MuvverApp.framework */; };
		60DEF94E0E1F45EAF150E3E3 /* Pods_MuvverAppTests.framework in Frameworks */ = {isa = PBXBuildFile; fileRef = E10C83A850A5792B009C3A71 /* Pods_MuvverAppTests.framework */; };
		673BDE2511C286CBC32696DA /* Pods_MuvverApp_MuvverAppUITests.framework in Frameworks */ = {isa = PBXBuildFile; fileRef = 162599B618254FED6A7C6CF4 /* Pods_MuvverApp_MuvverAppUITests.framework */; };
/* End PBXBuildFile section */

/* Begin PBXContainerItemProxy section */
		06251A0A28C68AAC008605F1 /* PBXContainerItemProxy */ = {
			isa = PBXContainerItemProxy;
			containerPortal = 062519E828C68AAB008605F1 /* Project object */;
			proxyType = 1;
			remoteGlobalIDString = 062519EF28C68AAB008605F1;
			remoteInfo = MuvverApp;
		};
		06251A1428C68AAC008605F1 /* PBXContainerItemProxy */ = {
			isa = PBXContainerItemProxy;
			containerPortal = 062519E828C68AAB008605F1 /* Project object */;
			proxyType = 1;
			remoteGlobalIDString = 062519EF28C68AAB008605F1;
			remoteInfo = MuvverApp;
		};
/* End PBXContainerItemProxy section */

/* Begin PBXFileReference section */
		060FAD1628CAD17300E66AB3 /* UISegmentedControl+Extension.swift */ = {isa = PBXFileReference; lastKnownFileType = sourcecode.swift; path = "UISegmentedControl+Extension.swift"; sourceTree = "<group>"; };
		060FAD1B28CADFAE00E66AB3 /* TravelInfoDatePicker.swift */ = {isa = PBXFileReference; lastKnownFileType = sourcecode.swift; path = TravelInfoDatePicker.swift; sourceTree = "<group>"; };
		060FAD1D28CAE0BC00E66AB3 /* CustomTF.swift */ = {isa = PBXFileReference; lastKnownFileType = sourcecode.swift; path = CustomTF.swift; sourceTree = "<group>"; };
		062519F028C68AAB008605F1 /* MuvverApp.app */ = {isa = PBXFileReference; explicitFileType = wrapper.application; includeInIndex = 0; path = MuvverApp.app; sourceTree = BUILT_PRODUCTS_DIR; };
		062519F328C68AAB008605F1 /* AppDelegate.swift */ = {isa = PBXFileReference; lastKnownFileType = sourcecode.swift; path = AppDelegate.swift; sourceTree = "<group>"; };
		062519F528C68AAB008605F1 /* SceneDelegate.swift */ = {isa = PBXFileReference; lastKnownFileType = sourcecode.swift; path = SceneDelegate.swift; sourceTree = "<group>"; };
		062519FD28C68AAB008605F1 /* MuvverApp.xcdatamodel */ = {isa = PBXFileReference; lastKnownFileType = wrapper.xcdatamodel; path = MuvverApp.xcdatamodel; sourceTree = "<group>"; };
		062519FF28C68AAC008605F1 /* Assets.xcassets */ = {isa = PBXFileReference; lastKnownFileType = folder.assetcatalog; path = Assets.xcassets; sourceTree = "<group>"; };
		06251A0228C68AAC008605F1 /* Base */ = {isa = PBXFileReference; lastKnownFileType = file.storyboard; name = Base; path = Base.lproj/LaunchScreen.storyboard; sourceTree = "<group>"; };
		06251A0428C68AAC008605F1 /* Info.plist */ = {isa = PBXFileReference; lastKnownFileType = text.plist.xml; path = Info.plist; sourceTree = "<group>"; };
		06251A0928C68AAC008605F1 /* MuvverAppTests.xctest */ = {isa = PBXFileReference; explicitFileType = wrapper.cfbundle; includeInIndex = 0; path = MuvverAppTests.xctest; sourceTree = BUILT_PRODUCTS_DIR; };
		06251A0D28C68AAC008605F1 /* MuvverAppTests.swift */ = {isa = PBXFileReference; lastKnownFileType = sourcecode.swift; path = MuvverAppTests.swift; sourceTree = "<group>"; };
		06251A1328C68AAC008605F1 /* MuvverAppUITests.xctest */ = {isa = PBXFileReference; explicitFileType = wrapper.cfbundle; includeInIndex = 0; path = MuvverAppUITests.xctest; sourceTree = BUILT_PRODUCTS_DIR; };
		06251A1728C68AAC008605F1 /* MuvverAppUITests.swift */ = {isa = PBXFileReference; lastKnownFileType = sourcecode.swift; path = MuvverAppUITests.swift; sourceTree = "<group>"; };
		06251A1928C68AAC008605F1 /* MuvverAppUITestsLaunchTests.swift */ = {isa = PBXFileReference; lastKnownFileType = sourcecode.swift; path = MuvverAppUITestsLaunchTests.swift; sourceTree = "<group>"; };
		064B433E28C98EA8003EBAD4 /* SelectTransportScreenViewModel.swift */ = {isa = PBXFileReference; lastKnownFileType = sourcecode.swift; path = SelectTransportScreenViewModel.swift; sourceTree = "<group>"; };
		066161CA28C92307009799A5 /* SelectTransportScreenViewController.swift */ = {isa = PBXFileReference; lastKnownFileType = sourcecode.swift; path = SelectTransportScreenViewController.swift; sourceTree = "<group>"; };
		066161CD28C9239A009799A5 /* SelectTransportScreenCoordinator.swift */ = {isa = PBXFileReference; lastKnownFileType = sourcecode.swift; path = SelectTransportScreenCoordinator.swift; sourceTree = "<group>"; };
		066161CF28C94B01009799A5 /* SelectTransportScreenView.swift */ = {isa = PBXFileReference; lastKnownFileType = sourcecode.swift; path = SelectTransportScreenView.swift; sourceTree = "<group>"; };
		066161D228C94EAF009799A5 /* BlackGradientNavigation.swift */ = {isa = PBXFileReference; lastKnownFileType = sourcecode.swift; path = BlackGradientNavigation.swift; sourceTree = "<group>"; };
		066161D428C95C4A009799A5 /* NextScreenGreenButton.swift */ = {isa = PBXFileReference; lastKnownFileType = sourcecode.swift; path = NextScreenGreenButton.swift; sourceTree = "<group>"; };
		066161D628C98665009799A5 /* SelectTransportTableViewCell.swift */ = {isa = PBXFileReference; lastKnownFileType = sourcecode.swift; path = SelectTransportTableViewCell.swift; sourceTree = "<group>"; };
		066AB34428CA937B00171CD5 /* TravelInfoScreenCoordinator.swift */ = {isa = PBXFileReference; lastKnownFileType = sourcecode.swift; path = TravelInfoScreenCoordinator.swift; sourceTree = "<group>"; };
		066AB34628CA93D200171CD5 /* TravelInfoScreenViewController.swift */ = {isa = PBXFileReference; lastKnownFileType = sourcecode.swift; path = TravelInfoScreenViewController.swift; sourceTree = "<group>"; };
		066AB34828CA99EF00171CD5 /* TravelInfoScreenView.swift */ = {isa = PBXFileReference; lastKnownFileType = sourcecode.swift; path = TravelInfoScreenView.swift; sourceTree = "<group>"; };
		06781B8628CAF55A00762024 /* TravelInfoScreenViewModel.swift */ = {isa = PBXFileReference; lastKnownFileType = sourcecode.swift; path = TravelInfoScreenViewModel.swift; sourceTree = "<group>"; };
		06781B8B28CBE0C100762024 /* VolumeSizeCoordinator.swift */ = {isa = PBXFileReference; lastKnownFileType = sourcecode.swift; path = VolumeSizeCoordinator.swift; sourceTree = "<group>"; };
		06781B8D28CBE0DD00762024 /* VolumeSizeController.swift */ = {isa = PBXFileReference; lastKnownFileType = sourcecode.swift; path = VolumeSizeController.swift; sourceTree = "<group>"; };
		06781B8F28CBE2DB00762024 /* VolumeSizeView.swift */ = {isa = PBXFileReference; lastKnownFileType = sourcecode.swift; path = VolumeSizeView.swift; sourceTree = "<group>"; };
		067CAA6928CBEB4F001FE5C1 /* VolumeSizeViewModel.swift */ = {isa = PBXFileReference; lastKnownFileType = sourcecode.swift; path = VolumeSizeViewModel.swift; sourceTree = "<group>"; };
		067CAA6C28CBECF9001FE5C1 /* VolumeSizeViewTableCell.swift */ = {isa = PBXFileReference; lastKnownFileType = sourcecode.swift; path = VolumeSizeViewTableCell.swift; sourceTree = "<group>"; };
		069227BC28C6CB5700C3D716 /* Coordinator.swift */ = {isa = PBXFileReference; lastKnownFileType = sourcecode.swift; path = Coordinator.swift; sourceTree = "<group>"; };
		069227BF28C6D61500C3D716 /* TabBarCoordinator.swift */ = {isa = PBXFileReference; lastKnownFileType = sourcecode.swift; path = TabBarCoordinator.swift; sourceTree = "<group>"; };
		069227C128C6D67800C3D716 /* MenuTabBarController.swift */ = {isa = PBXFileReference; lastKnownFileType = sourcecode.swift; path = MenuTabBarController.swift; sourceTree = "<group>"; };
		069227CD28C6D82500C3D716 /* HomeScreenViewController.swift */ = {isa = PBXFileReference; lastKnownFileType = sourcecode.swift; path = HomeScreenViewController.swift; sourceTree = "<group>"; };
		069227CF28C6D86200C3D716 /* NotificationsScreenViewController.swift */ = {isa = PBXFileReference; lastKnownFileType = sourcecode.swift; path = NotificationsScreenViewController.swift; sourceTree = "<group>"; };
		069227D128C6D88500C3D716 /* ChatScreenViewController.swift */ = {isa = PBXFileReference; lastKnownFileType = sourcecode.swift; path = ChatScreenViewController.swift; sourceTree = "<group>"; };
		069227D328C6D8AA00C3D716 /* RequestsScreenViewController.swift */ = {isa = PBXFileReference; lastKnownFileType = sourcecode.swift; path = RequestsScreenViewController.swift; sourceTree = "<group>"; };
		069227D528C6D8BB00C3D716 /* DeliveriesScreenViewController.swift */ = {isa = PBXFileReference; lastKnownFileType = sourcecode.swift; path = DeliveriesScreenViewController.swift; sourceTree = "<group>"; };
		069227DC28C6D9AC00C3D716 /* HomeScreenCoordinator.swift */ = {isa = PBXFileReference; lastKnownFileType = sourcecode.swift; path = HomeScreenCoordinator.swift; sourceTree = "<group>"; };
		069227DE28C6D9EB00C3D716 /* NotificationsScreenCoordinator.swift */ = {isa = PBXFileReference; lastKnownFileType = sourcecode.swift; path = NotificationsScreenCoordinator.swift; sourceTree = "<group>"; };
		069227E028C6DA1F00C3D716 /* ChatScreenCoordinator.swift */ = {isa = PBXFileReference; lastKnownFileType = sourcecode.swift; path = ChatScreenCoordinator.swift; sourceTree = "<group>"; };
		069227E228C6DA7A00C3D716 /* RequestsScreenCoordinator.swift */ = {isa = PBXFileReference; lastKnownFileType = sourcecode.swift; path = RequestsScreenCoordinator.swift; sourceTree = "<group>"; };
		069227E428C6DA9E00C3D716 /* DeliveriesScreenCoordinator.swift */ = {isa = PBXFileReference; lastKnownFileType = sourcecode.swift; path = DeliveriesScreenCoordinator.swift; sourceTree = "<group>"; };
		069227E728C6E2F800C3D716 /* HomeScreenView.swift */ = {isa = PBXFileReference; lastKnownFileType = sourcecode.swift; path = HomeScreenView.swift; sourceTree = "<group>"; };
		069227EA28C6F9F900C3D716 /* BlackBox.swift */ = {isa = PBXFileReference; lastKnownFileType = sourcecode.swift; path = BlackBox.swift; sourceTree = "<group>"; };
		069227EC28C6FB3F00C3D716 /* GradientView.swift */ = {isa = PBXFileReference; lastKnownFileType = sourcecode.swift; path = GradientView.swift; sourceTree = "<group>"; };
		162599B618254FED6A7C6CF4 /* Pods_MuvverApp_MuvverAppUITests.framework */ = {isa = PBXFileReference; explicitFileType = wrapper.framework; includeInIndex = 0; path = Pods_MuvverApp_MuvverAppUITests.framework; sourceTree = BUILT_PRODUCTS_DIR; };
		1768F857B3E8CD945A6D6454 /* Pods-MuvverApp.release.xcconfig */ = {isa = PBXFileReference; includeInIndex = 1; lastKnownFileType = text.xcconfig; name = "Pods-MuvverApp.release.xcconfig"; path = "Target Support Files/Pods-MuvverApp/Pods-MuvverApp.release.xcconfig"; sourceTree = "<group>"; };
		19FC4B3108F77A3BEA1D1836 /* Pods_MuvverApp.framework */ = {isa = PBXFileReference; explicitFileType = wrapper.framework; includeInIndex = 0; path = Pods_MuvverApp.framework; sourceTree = BUILT_PRODUCTS_DIR; };
		2A790427B6B87768E230A7C9 /* Pods-MuvverApp.debug.xcconfig */ = {isa = PBXFileReference; includeInIndex = 1; lastKnownFileType = text.xcconfig; name = "Pods-MuvverApp.debug.xcconfig"; path = "Target Support Files/Pods-MuvverApp/Pods-MuvverApp.debug.xcconfig"; sourceTree = "<group>"; };
		77CF533FFCEA40F8A64898F9 /* Pods-MuvverAppTests.release.xcconfig */ = {isa = PBXFileReference; includeInIndex = 1; lastKnownFileType = text.xcconfig; name = "Pods-MuvverAppTests.release.xcconfig"; path = "Target Support Files/Pods-MuvverAppTests/Pods-MuvverAppTests.release.xcconfig"; sourceTree = "<group>"; };
		81CA99B271C00EC3491F36B0 /* Pods-MuvverApp-MuvverAppUITests.debug.xcconfig */ = {isa = PBXFileReference; includeInIndex = 1; lastKnownFileType = text.xcconfig; name = "Pods-MuvverApp-MuvverAppUITests.debug.xcconfig"; path = "Target Support Files/Pods-MuvverApp-MuvverAppUITests/Pods-MuvverApp-MuvverAppUITests.debug.xcconfig"; sourceTree = "<group>"; };
		89C95C4CFFB31F17B1C62913 /* Pods-MuvverApp-MuvverAppUITests.release.xcconfig */ = {isa = PBXFileReference; includeInIndex = 1; lastKnownFileType = text.xcconfig; name = "Pods-MuvverApp-MuvverAppUITests.release.xcconfig"; path = "Target Support Files/Pods-MuvverApp-MuvverAppUITests/Pods-MuvverApp-MuvverAppUITests.release.xcconfig"; sourceTree = "<group>"; };
		E10C83A850A5792B009C3A71 /* Pods_MuvverAppTests.framework */ = {isa = PBXFileReference; explicitFileType = wrapper.framework; includeInIndex = 0; path = Pods_MuvverAppTests.framework; sourceTree = BUILT_PRODUCTS_DIR; };
		F5D042B876B3BA86676F8F66 /* Pods-MuvverAppTests.debug.xcconfig */ = {isa = PBXFileReference; includeInIndex = 1; lastKnownFileType = text.xcconfig; name = "Pods-MuvverAppTests.debug.xcconfig"; path = "Target Support Files/Pods-MuvverAppTests/Pods-MuvverAppTests.debug.xcconfig"; sourceTree = "<group>"; };
/* End PBXFileReference section */

/* Begin PBXFrameworksBuildPhase section */
		062519ED28C68AAB008605F1 /* Frameworks */ = {
			isa = PBXFrameworksBuildPhase;
			buildActionMask = 2147483647;
			files = (
				127CA7E7333519C9A39A3E1F /* Pods_MuvverApp.framework in Frameworks */,
			);
			runOnlyForDeploymentPostprocessing = 0;
		};
		06251A0628C68AAC008605F1 /* Frameworks */ = {
			isa = PBXFrameworksBuildPhase;
			buildActionMask = 2147483647;
			files = (
				60DEF94E0E1F45EAF150E3E3 /* Pods_MuvverAppTests.framework in Frameworks */,
			);
			runOnlyForDeploymentPostprocessing = 0;
		};
		06251A1028C68AAC008605F1 /* Frameworks */ = {
			isa = PBXFrameworksBuildPhase;
			buildActionMask = 2147483647;
			files = (
				673BDE2511C286CBC32696DA /* Pods_MuvverApp_MuvverAppUITests.framework in Frameworks */,
			);
			runOnlyForDeploymentPostprocessing = 0;
		};
/* End PBXFrameworksBuildPhase section */

/* Begin PBXGroup section */
		060FAD1528CAD15900E66AB3 /* Extensions */ = {
			isa = PBXGroup;
			children = (
				060FAD1628CAD17300E66AB3 /* UISegmentedControl+Extension.swift */,
			);
			path = Extensions;
			sourceTree = "<group>";
		};
		060FAD1828CADF7600E66AB3 /* Components */ = {
			isa = PBXGroup;
			children = (
				060FAD1B28CADFAE00E66AB3 /* TravelInfoDatePicker.swift */,
				060FAD1D28CAE0BC00E66AB3 /* CustomTF.swift */,
			);
			path = Components;
			sourceTree = "<group>";
		};
		062519E728C68AAB008605F1 = {
			isa = PBXGroup;
			children = (
				062519F228C68AAB008605F1 /* MuvverApp */,
				06251A0C28C68AAC008605F1 /* MuvverAppTests */,
				06251A1628C68AAC008605F1 /* MuvverAppUITests */,
				062519F128C68AAB008605F1 /* Products */,
				F8CD1ECBFDF225FBC7A6515F /* Pods */,
				1547728A1698EE743BF6B34D /* Frameworks */,
			);
			sourceTree = "<group>";
		};
		062519F128C68AAB008605F1 /* Products */ = {
			isa = PBXGroup;
			children = (
				062519F028C68AAB008605F1 /* MuvverApp.app */,
				06251A0928C68AAC008605F1 /* MuvverAppTests.xctest */,
				06251A1328C68AAC008605F1 /* MuvverAppUITests.xctest */,
			);
			name = Products;
			sourceTree = "<group>";
		};
		062519F228C68AAB008605F1 /* MuvverApp */ = {
			isa = PBXGroup;
			children = (
				069227B828C6CB1500C3D716 /* Source */,
				069227B728C6CAD400C3D716 /* App */,
				06251A0428C68AAC008605F1 /* Info.plist */,
				062519FC28C68AAB008605F1 /* MuvverApp.xcdatamodeld */,
			);
			path = MuvverApp;
			sourceTree = "<group>";
		};
		06251A0C28C68AAC008605F1 /* MuvverAppTests */ = {
			isa = PBXGroup;
			children = (
				06251A0D28C68AAC008605F1 /* MuvverAppTests.swift */,
			);
			path = MuvverAppTests;
			sourceTree = "<group>";
		};
		06251A1628C68AAC008605F1 /* MuvverAppUITests */ = {
			isa = PBXGroup;
			children = (
				06251A1728C68AAC008605F1 /* MuvverAppUITests.swift */,
				06251A1928C68AAC008605F1 /* MuvverAppUITestsLaunchTests.swift */,
			);
			path = MuvverAppUITests;
			sourceTree = "<group>";
		};
		066161C828C922C7009799A5 /* SelectTransportScreen */ = {
			isa = PBXGroup;
			children = (
				066161CC28C92385009799A5 /* Coordinator */,
				066161C928C922ED009799A5 /* Presentation */,
			);
			path = SelectTransportScreen;
			sourceTree = "<group>";
		};
		066161C928C922ED009799A5 /* Presentation */ = {
			isa = PBXGroup;
			children = (
				066161D828C98673009799A5 /* Cell */,
				066161CA28C92307009799A5 /* SelectTransportScreenViewController.swift */,
				066161CF28C94B01009799A5 /* SelectTransportScreenView.swift */,
				064B433E28C98EA8003EBAD4 /* SelectTransportScreenViewModel.swift */,
			);
			path = Presentation;
			sourceTree = "<group>";
		};
		066161CC28C92385009799A5 /* Coordinator */ = {
			isa = PBXGroup;
			children = (
				066161CD28C9239A009799A5 /* SelectTransportScreenCoordinator.swift */,
			);
			path = Coordinator;
			sourceTree = "<group>";
		};
		066161D128C94CF7009799A5 /* Components */ = {
			isa = PBXGroup;
			children = (
				069227EC28C6FB3F00C3D716 /* GradientView.swift */,
				066161D228C94EAF009799A5 /* BlackGradientNavigation.swift */,
				066161D428C95C4A009799A5 /* NextScreenGreenButton.swift */,
			);
			path = Components;
			sourceTree = "<group>";
		};
		066161D828C98673009799A5 /* Cell */ = {
			isa = PBXGroup;
			children = (
				066161D628C98665009799A5 /* SelectTransportTableViewCell.swift */,
			);
			path = Cell;
			sourceTree = "<group>";
		};
		066AB34128CA932500171CD5 /* TravelInfoScreen */ = {
			isa = PBXGroup;
			children = (
				060FAD1828CADF7600E66AB3 /* Components */,
				066AB34328CA936900171CD5 /* Coordinator */,
				066AB34228CA936000171CD5 /* Presentation */,
			);
			path = TravelInfoScreen;
			sourceTree = "<group>";
		};
		066AB34228CA936000171CD5 /* Presentation */ = {
			isa = PBXGroup;
			children = (
				066AB34628CA93D200171CD5 /* TravelInfoScreenViewController.swift */,
				066AB34828CA99EF00171CD5 /* TravelInfoScreenView.swift */,
				06781B8628CAF55A00762024 /* TravelInfoScreenViewModel.swift */,
			);
			path = Presentation;
			sourceTree = "<group>";
		};
		066AB34328CA936900171CD5 /* Coordinator */ = {
			isa = PBXGroup;
			children = (
				066AB34428CA937B00171CD5 /* TravelInfoScreenCoordinator.swift */,
			);
			path = Coordinator;
			sourceTree = "<group>";
		};
		06781B8828CBE08D00762024 /* VolumeSizeScreen */ = {
			isa = PBXGroup;
			children = (
				06781B8A28CBE0A200762024 /* Presentation */,
				06781B8928CBE09B00762024 /* Coordinator */,
			);
			path = VolumeSizeScreen;
			sourceTree = "<group>";
		};
		06781B8928CBE09B00762024 /* Coordinator */ = {
			isa = PBXGroup;
			children = (
				06781B8B28CBE0C100762024 /* VolumeSizeCoordinator.swift */,
			);
			path = Coordinator;
			sourceTree = "<group>";
		};
		06781B8A28CBE0A200762024 /* Presentation */ = {
			isa = PBXGroup;
			children = (
				067CAA6B28CBECCC001FE5C1 /* Cell */,
				06781B8D28CBE0DD00762024 /* VolumeSizeController.swift */,
				06781B8F28CBE2DB00762024 /* VolumeSizeView.swift */,
				067CAA6928CBEB4F001FE5C1 /* VolumeSizeViewModel.swift */,
			);
			path = Presentation;
			sourceTree = "<group>";
		};
		067CAA6B28CBECCC001FE5C1 /* Cell */ = {
			isa = PBXGroup;
			children = (
				067CAA6C28CBECF9001FE5C1 /* VolumeSizeViewTableCell.swift */,
			);
			path = Cell;
			sourceTree = "<group>";
		};
		067CAA6E28CBFC68001FE5C1 /* MinimumPriceScreen */ = {
			isa = PBXGroup;
			children = (
			);
			path = MinimumPriceScreen;
			sourceTree = "<group>";
		};
		069227B728C6CAD400C3D716 /* App */ = {
			isa = PBXGroup;
			children = (
				062519F328C68AAB008605F1 /* AppDelegate.swift */,
				06251A0128C68AAC008605F1 /* LaunchScreen.storyboard */,
				062519FF28C68AAC008605F1 /* Assets.xcassets */,
				062519F528C68AAB008605F1 /* SceneDelegate.swift */,
			);
			path = App;
			sourceTree = "<group>";
		};
		069227B828C6CB1500C3D716 /* Source */ = {
			isa = PBXGroup;
			children = (
				069227BA28C6CB2500C3D716 /* Product */,
				069227B928C6CB1D00C3D716 /* Foundation */,
			);
			path = Source;
			sourceTree = "<group>";
		};
		069227B928C6CB1D00C3D716 /* Foundation */ = {
			isa = PBXGroup;
			children = (
				060FAD1528CAD15900E66AB3 /* Extensions */,
				066161D128C94CF7009799A5 /* Components */,
				069227E628C6E19500C3D716 /* UnusedBarItems */,
				069227BE28C6D5FF00C3D716 /* TabBar */,
				069227BB28C6CB4600C3D716 /* Protocols */,
			);
			path = Foundation;
			sourceTree = "<group>";
		};
		069227BA28C6CB2500C3D716 /* Product */ = {
			isa = PBXGroup;
			children = (
				067CAA6E28CBFC68001FE5C1 /* MinimumPriceScreen */,
				06781B8828CBE08D00762024 /* VolumeSizeScreen */,
				066AB34128CA932500171CD5 /* TravelInfoScreen */,
				066161C828C922C7009799A5 /* SelectTransportScreen */,
				069227C328C6D73400C3D716 /* HomeScreen */,
			);
			path = Product;
			sourceTree = "<group>";
		};
		069227BB28C6CB4600C3D716 /* Protocols */ = {
			isa = PBXGroup;
			children = (
				069227BC28C6CB5700C3D716 /* Coordinator.swift */,
			);
			path = Protocols;
			sourceTree = "<group>";
		};
		069227BE28C6D5FF00C3D716 /* TabBar */ = {
			isa = PBXGroup;
			children = (
				069227BF28C6D61500C3D716 /* TabBarCoordinator.swift */,
				069227C128C6D67800C3D716 /* MenuTabBarController.swift */,
			);
			path = TabBar;
			sourceTree = "<group>";
		};
		069227C328C6D73400C3D716 /* HomeScreen */ = {
			isa = PBXGroup;
			children = (
				069227E928C6F9E300C3D716 /* Component */,
				069227DB28C6D97A00C3D716 /* Coordinator */,
				069227C828C6D7B600C3D716 /* Presentation */,
			);
			path = HomeScreen;
			sourceTree = "<group>";
		};
		069227C428C6D74800C3D716 /* NotificationsScreen */ = {
			isa = PBXGroup;
			children = (
				069227DA28C6D97700C3D716 /* Coordinator */,
				069227C928C6D7C000C3D716 /* Presentation */,
			);
			path = NotificationsScreen;
			sourceTree = "<group>";
		};
		069227C528C6D75400C3D716 /* ChatScreen */ = {
			isa = PBXGroup;
			children = (
				069227D928C6D97400C3D716 /* Coordinator */,
				069227CA28C6D7C700C3D716 /* Presentation */,
			);
			path = ChatScreen;
			sourceTree = "<group>";
		};
		069227C628C6D75B00C3D716 /* RequestsScreen */ = {
			isa = PBXGroup;
			children = (
				069227D828C6D96F00C3D716 /* Coordinator */,
				069227CB28C6D7D400C3D716 /* Presentation */,
			);
			path = RequestsScreen;
			sourceTree = "<group>";
		};
		069227C728C6D78C00C3D716 /* DeliveriesScreen */ = {
			isa = PBXGroup;
			children = (
				069227D728C6D96400C3D716 /* Coordinator */,
				069227CC28C6D7DA00C3D716 /* Presentation */,
			);
			path = DeliveriesScreen;
			sourceTree = "<group>";
		};
		069227C828C6D7B600C3D716 /* Presentation */ = {
			isa = PBXGroup;
			children = (
				069227CD28C6D82500C3D716 /* HomeScreenViewController.swift */,
				069227E728C6E2F800C3D716 /* HomeScreenView.swift */,
			);
			path = Presentation;
			sourceTree = "<group>";
		};
		069227C928C6D7C000C3D716 /* Presentation */ = {
			isa = PBXGroup;
			children = (
				069227CF28C6D86200C3D716 /* NotificationsScreenViewController.swift */,
			);
			path = Presentation;
			sourceTree = "<group>";
		};
		069227CA28C6D7C700C3D716 /* Presentation */ = {
			isa = PBXGroup;
			children = (
				069227D128C6D88500C3D716 /* ChatScreenViewController.swift */,
			);
			path = Presentation;
			sourceTree = "<group>";
		};
		069227CB28C6D7D400C3D716 /* Presentation */ = {
			isa = PBXGroup;
			children = (
				069227D328C6D8AA00C3D716 /* RequestsScreenViewController.swift */,
			);
			path = Presentation;
			sourceTree = "<group>";
		};
		069227CC28C6D7DA00C3D716 /* Presentation */ = {
			isa = PBXGroup;
			children = (
				069227D528C6D8BB00C3D716 /* DeliveriesScreenViewController.swift */,
			);
			path = Presentation;
			sourceTree = "<group>";
		};
		069227D728C6D96400C3D716 /* Coordinator */ = {
			isa = PBXGroup;
			children = (
				069227E428C6DA9E00C3D716 /* DeliveriesScreenCoordinator.swift */,
			);
			path = Coordinator;
			sourceTree = "<group>";
		};
		069227D828C6D96F00C3D716 /* Coordinator */ = {
			isa = PBXGroup;
			children = (
				069227E228C6DA7A00C3D716 /* RequestsScreenCoordinator.swift */,
			);
			path = Coordinator;
			sourceTree = "<group>";
		};
		069227D928C6D97400C3D716 /* Coordinator */ = {
			isa = PBXGroup;
			children = (
				069227E028C6DA1F00C3D716 /* ChatScreenCoordinator.swift */,
			);
			path = Coordinator;
			sourceTree = "<group>";
		};
		069227DA28C6D97700C3D716 /* Coordinator */ = {
			isa = PBXGroup;
			children = (
				069227DE28C6D9EB00C3D716 /* NotificationsScreenCoordinator.swift */,
			);
			path = Coordinator;
			sourceTree = "<group>";
		};
		069227DB28C6D97A00C3D716 /* Coordinator */ = {
			isa = PBXGroup;
			children = (
				069227DC28C6D9AC00C3D716 /* HomeScreenCoordinator.swift */,
			);
			path = Coordinator;
			sourceTree = "<group>";
		};
		069227E628C6E19500C3D716 /* UnusedBarItems */ = {
			isa = PBXGroup;
			children = (
				069227C728C6D78C00C3D716 /* DeliveriesScreen */,
				069227C628C6D75B00C3D716 /* RequestsScreen */,
				069227C528C6D75400C3D716 /* ChatScreen */,
				069227C428C6D74800C3D716 /* NotificationsScreen */,
			);
			path = UnusedBarItems;
			sourceTree = "<group>";
		};
		069227E928C6F9E300C3D716 /* Component */ = {
			isa = PBXGroup;
			children = (
				069227EA28C6F9F900C3D716 /* BlackBox.swift */,
			);
			path = Component;
			sourceTree = "<group>";
		};
		1547728A1698EE743BF6B34D /* Frameworks */ = {
			isa = PBXGroup;
			children = (
				19FC4B3108F77A3BEA1D1836 /* Pods_MuvverApp.framework */,
				162599B618254FED6A7C6CF4 /* Pods_MuvverApp_MuvverAppUITests.framework */,
				E10C83A850A5792B009C3A71 /* Pods_MuvverAppTests.framework */,
			);
			name = Frameworks;
			sourceTree = "<group>";
		};
		F8CD1ECBFDF225FBC7A6515F /* Pods */ = {
			isa = PBXGroup;
			children = (
				2A790427B6B87768E230A7C9 /* Pods-MuvverApp.debug.xcconfig */,
				1768F857B3E8CD945A6D6454 /* Pods-MuvverApp.release.xcconfig */,
				81CA99B271C00EC3491F36B0 /* Pods-MuvverApp-MuvverAppUITests.debug.xcconfig */,
				89C95C4CFFB31F17B1C62913 /* Pods-MuvverApp-MuvverAppUITests.release.xcconfig */,
				F5D042B876B3BA86676F8F66 /* Pods-MuvverAppTests.debug.xcconfig */,
				77CF533FFCEA40F8A64898F9 /* Pods-MuvverAppTests.release.xcconfig */,
			);
			path = Pods;
			sourceTree = "<group>";
		};
/* End PBXGroup section */

/* Begin PBXNativeTarget section */
		062519EF28C68AAB008605F1 /* MuvverApp */ = {
			isa = PBXNativeTarget;
			buildConfigurationList = 06251A1D28C68AAC008605F1 /* Build configuration list for PBXNativeTarget "MuvverApp" */;
			buildPhases = (
				7E42C7EC8FE2057F408E2030 /* [CP] Check Pods Manifest.lock */,
				062519EC28C68AAB008605F1 /* Sources */,
				062519ED28C68AAB008605F1 /* Frameworks */,
				062519EE28C68AAB008605F1 /* Resources */,
				41E42FB2B09FB7520C4DF13F /* [CP] Embed Pods Frameworks */,
			);
			buildRules = (
			);
			dependencies = (
			);
			name = MuvverApp;
			productName = MuvverApp;
			productReference = 062519F028C68AAB008605F1 /* MuvverApp.app */;
			productType = "com.apple.product-type.application";
		};
		06251A0828C68AAC008605F1 /* MuvverAppTests */ = {
			isa = PBXNativeTarget;
			buildConfigurationList = 06251A2028C68AAC008605F1 /* Build configuration list for PBXNativeTarget "MuvverAppTests" */;
			buildPhases = (
				6BEA71800900A058B18BA3CB /* [CP] Check Pods Manifest.lock */,
				06251A0528C68AAC008605F1 /* Sources */,
				06251A0628C68AAC008605F1 /* Frameworks */,
				06251A0728C68AAC008605F1 /* Resources */,
			);
			buildRules = (
			);
			dependencies = (
				06251A0B28C68AAC008605F1 /* PBXTargetDependency */,
			);
			name = MuvverAppTests;
			productName = MuvverAppTests;
			productReference = 06251A0928C68AAC008605F1 /* MuvverAppTests.xctest */;
			productType = "com.apple.product-type.bundle.unit-test";
		};
		06251A1228C68AAC008605F1 /* MuvverAppUITests */ = {
			isa = PBXNativeTarget;
			buildConfigurationList = 06251A2328C68AAC008605F1 /* Build configuration list for PBXNativeTarget "MuvverAppUITests" */;
			buildPhases = (
				B320810C026092CE00386A8E /* [CP] Check Pods Manifest.lock */,
				06251A0F28C68AAC008605F1 /* Sources */,
				06251A1028C68AAC008605F1 /* Frameworks */,
				06251A1128C68AAC008605F1 /* Resources */,
				2DF49D68F20241EA9E63A85E /* [CP] Embed Pods Frameworks */,
			);
			buildRules = (
			);
			dependencies = (
				06251A1528C68AAC008605F1 /* PBXTargetDependency */,
			);
			name = MuvverAppUITests;
			productName = MuvverAppUITests;
			productReference = 06251A1328C68AAC008605F1 /* MuvverAppUITests.xctest */;
			productType = "com.apple.product-type.bundle.ui-testing";
		};
/* End PBXNativeTarget section */

/* Begin PBXProject section */
		062519E828C68AAB008605F1 /* Project object */ = {
			isa = PBXProject;
			attributes = {
				BuildIndependentTargetsInParallel = 1;
				LastSwiftUpdateCheck = 1340;
				LastUpgradeCheck = 1340;
				TargetAttributes = {
					062519EF28C68AAB008605F1 = {
						CreatedOnToolsVersion = 13.4.1;
					};
					06251A0828C68AAC008605F1 = {
						CreatedOnToolsVersion = 13.4.1;
						TestTargetID = 062519EF28C68AAB008605F1;
					};
					06251A1228C68AAC008605F1 = {
						CreatedOnToolsVersion = 13.4.1;
						TestTargetID = 062519EF28C68AAB008605F1;
					};
				};
			};
			buildConfigurationList = 062519EB28C68AAB008605F1 /* Build configuration list for PBXProject "MuvverApp" */;
			compatibilityVersion = "Xcode 13.0";
			developmentRegion = en;
			hasScannedForEncodings = 0;
			knownRegions = (
				en,
				Base,
			);
			mainGroup = 062519E728C68AAB008605F1;
			productRefGroup = 062519F128C68AAB008605F1 /* Products */;
			projectDirPath = "";
			projectRoot = "";
			targets = (
				062519EF28C68AAB008605F1 /* MuvverApp */,
				06251A0828C68AAC008605F1 /* MuvverAppTests */,
				06251A1228C68AAC008605F1 /* MuvverAppUITests */,
			);
		};
/* End PBXProject section */

/* Begin PBXResourcesBuildPhase section */
		062519EE28C68AAB008605F1 /* Resources */ = {
			isa = PBXResourcesBuildPhase;
			buildActionMask = 2147483647;
			files = (
				06251A0328C68AAC008605F1 /* LaunchScreen.storyboard in Resources */,
				06251A0028C68AAC008605F1 /* Assets.xcassets in Resources */,
			);
			runOnlyForDeploymentPostprocessing = 0;
		};
		06251A0728C68AAC008605F1 /* Resources */ = {
			isa = PBXResourcesBuildPhase;
			buildActionMask = 2147483647;
			files = (
			);
			runOnlyForDeploymentPostprocessing = 0;
		};
		06251A1128C68AAC008605F1 /* Resources */ = {
			isa = PBXResourcesBuildPhase;
			buildActionMask = 2147483647;
			files = (
			);
			runOnlyForDeploymentPostprocessing = 0;
		};
/* End PBXResourcesBuildPhase section */

/* Begin PBXShellScriptBuildPhase section */
		2DF49D68F20241EA9E63A85E /* [CP] Embed Pods Frameworks */ = {
			isa = PBXShellScriptBuildPhase;
			buildActionMask = 2147483647;
			files = (
			);
			inputFileListPaths = (
				"${PODS_ROOT}/Target Support Files/Pods-MuvverApp-MuvverAppUITests/Pods-MuvverApp-MuvverAppUITests-frameworks-${CONFIGURATION}-input-files.xcfilelist",
			);
			name = "[CP] Embed Pods Frameworks";
			outputFileListPaths = (
				"${PODS_ROOT}/Target Support Files/Pods-MuvverApp-MuvverAppUITests/Pods-MuvverApp-MuvverAppUITests-frameworks-${CONFIGURATION}-output-files.xcfilelist",
			);
			runOnlyForDeploymentPostprocessing = 0;
			shellPath = /bin/sh;
			shellScript = "\"${PODS_ROOT}/Target Support Files/Pods-MuvverApp-MuvverAppUITests/Pods-MuvverApp-MuvverAppUITests-frameworks.sh\"\n";
			showEnvVarsInLog = 0;
		};
		41E42FB2B09FB7520C4DF13F /* [CP] Embed Pods Frameworks */ = {
			isa = PBXShellScriptBuildPhase;
			buildActionMask = 2147483647;
			files = (
			);
			inputFileListPaths = (
				"${PODS_ROOT}/Target Support Files/Pods-MuvverApp/Pods-MuvverApp-frameworks-${CONFIGURATION}-input-files.xcfilelist",
			);
			name = "[CP] Embed Pods Frameworks";
			outputFileListPaths = (
				"${PODS_ROOT}/Target Support Files/Pods-MuvverApp/Pods-MuvverApp-frameworks-${CONFIGURATION}-output-files.xcfilelist",
			);
			runOnlyForDeploymentPostprocessing = 0;
			shellPath = /bin/sh;
			shellScript = "\"${PODS_ROOT}/Target Support Files/Pods-MuvverApp/Pods-MuvverApp-frameworks.sh\"\n";
			showEnvVarsInLog = 0;
		};
		6BEA71800900A058B18BA3CB /* [CP] Check Pods Manifest.lock */ = {
			isa = PBXShellScriptBuildPhase;
			buildActionMask = 2147483647;
			files = (
			);
			inputFileListPaths = (
			);
			inputPaths = (
				"${PODS_PODFILE_DIR_PATH}/Podfile.lock",
				"${PODS_ROOT}/Manifest.lock",
			);
			name = "[CP] Check Pods Manifest.lock";
			outputFileListPaths = (
			);
			outputPaths = (
				"$(DERIVED_FILE_DIR)/Pods-MuvverAppTests-checkManifestLockResult.txt",
			);
			runOnlyForDeploymentPostprocessing = 0;
			shellPath = /bin/sh;
			shellScript = "diff \"${PODS_PODFILE_DIR_PATH}/Podfile.lock\" \"${PODS_ROOT}/Manifest.lock\" > /dev/null\nif [ $? != 0 ] ; then\n    # print error to STDERR\n    echo \"error: The sandbox is not in sync with the Podfile.lock. Run 'pod install' or update your CocoaPods installation.\" >&2\n    exit 1\nfi\n# This output is used by Xcode 'outputs' to avoid re-running this script phase.\necho \"SUCCESS\" > \"${SCRIPT_OUTPUT_FILE_0}\"\n";
			showEnvVarsInLog = 0;
		};
		7E42C7EC8FE2057F408E2030 /* [CP] Check Pods Manifest.lock */ = {
			isa = PBXShellScriptBuildPhase;
			buildActionMask = 2147483647;
			files = (
			);
			inputFileListPaths = (
			);
			inputPaths = (
				"${PODS_PODFILE_DIR_PATH}/Podfile.lock",
				"${PODS_ROOT}/Manifest.lock",
			);
			name = "[CP] Check Pods Manifest.lock";
			outputFileListPaths = (
			);
			outputPaths = (
				"$(DERIVED_FILE_DIR)/Pods-MuvverApp-checkManifestLockResult.txt",
			);
			runOnlyForDeploymentPostprocessing = 0;
			shellPath = /bin/sh;
			shellScript = "diff \"${PODS_PODFILE_DIR_PATH}/Podfile.lock\" \"${PODS_ROOT}/Manifest.lock\" > /dev/null\nif [ $? != 0 ] ; then\n    # print error to STDERR\n    echo \"error: The sandbox is not in sync with the Podfile.lock. Run 'pod install' or update your CocoaPods installation.\" >&2\n    exit 1\nfi\n# This output is used by Xcode 'outputs' to avoid re-running this script phase.\necho \"SUCCESS\" > \"${SCRIPT_OUTPUT_FILE_0}\"\n";
			showEnvVarsInLog = 0;
		};
		B320810C026092CE00386A8E /* [CP] Check Pods Manifest.lock */ = {
			isa = PBXShellScriptBuildPhase;
			buildActionMask = 2147483647;
			files = (
			);
			inputFileListPaths = (
			);
			inputPaths = (
				"${PODS_PODFILE_DIR_PATH}/Podfile.lock",
				"${PODS_ROOT}/Manifest.lock",
			);
			name = "[CP] Check Pods Manifest.lock";
			outputFileListPaths = (
			);
			outputPaths = (
				"$(DERIVED_FILE_DIR)/Pods-MuvverApp-MuvverAppUITests-checkManifestLockResult.txt",
			);
			runOnlyForDeploymentPostprocessing = 0;
			shellPath = /bin/sh;
			shellScript = "diff \"${PODS_PODFILE_DIR_PATH}/Podfile.lock\" \"${PODS_ROOT}/Manifest.lock\" > /dev/null\nif [ $? != 0 ] ; then\n    # print error to STDERR\n    echo \"error: The sandbox is not in sync with the Podfile.lock. Run 'pod install' or update your CocoaPods installation.\" >&2\n    exit 1\nfi\n# This output is used by Xcode 'outputs' to avoid re-running this script phase.\necho \"SUCCESS\" > \"${SCRIPT_OUTPUT_FILE_0}\"\n";
			showEnvVarsInLog = 0;
		};
/* End PBXShellScriptBuildPhase section */

/* Begin PBXSourcesBuildPhase section */
		062519EC28C68AAB008605F1 /* Sources */ = {
			isa = PBXSourcesBuildPhase;
			buildActionMask = 2147483647;
			files = (
				069227ED28C6FB3F00C3D716 /* GradientView.swift in Sources */,
				069227DD28C6D9AC00C3D716 /* HomeScreenCoordinator.swift in Sources */,
				069227D228C6D88500C3D716 /* ChatScreenViewController.swift in Sources */,
				062519FE28C68AAB008605F1 /* MuvverApp.xcdatamodeld in Sources */,
				069227DF28C6D9EB00C3D716 /* NotificationsScreenCoordinator.swift in Sources */,
				06781B9028CBE2DB00762024 /* VolumeSizeView.swift in Sources */,
				069227D628C6D8BB00C3D716 /* DeliveriesScreenViewController.swift in Sources */,
				060FAD1728CAD17300E66AB3 /* UISegmentedControl+Extension.swift in Sources */,
				069227EB28C6F9F900C3D716 /* BlackBox.swift in Sources */,
				066AB34928CA99EF00171CD5 /* TravelInfoScreenView.swift in Sources */,
				069227CE28C6D82500C3D716 /* HomeScreenViewController.swift in Sources */,
				066161D328C94EAF009799A5 /* BlackGradientNavigation.swift in Sources */,
				069227D428C6D8AA00C3D716 /* RequestsScreenViewController.swift in Sources */,
				066161D528C95C4A009799A5 /* NextScreenGreenButton.swift in Sources */,
				067CAA6D28CBECF9001FE5C1 /* VolumeSizeViewTableCell.swift in Sources */,
				069227E828C6E2F900C3D716 /* HomeScreenView.swift in Sources */,
				064B433F28C98EA8003EBAD4 /* SelectTransportScreenViewModel.swift in Sources */,
				066161D028C94B01009799A5 /* SelectTransportScreenView.swift in Sources */,
				06781B8728CAF55A00762024 /* TravelInfoScreenViewModel.swift in Sources */,
				06781B8C28CBE0C100762024 /* VolumeSizeCoordinator.swift in Sources */,
				066AB34528CA937B00171CD5 /* TravelInfoScreenCoordinator.swift in Sources */,
				060FAD1C28CADFAE00E66AB3 /* TravelInfoDatePicker.swift in Sources */,
				066161D728C98665009799A5 /* SelectTransportTableViewCell.swift in Sources */,
				069227E128C6DA1F00C3D716 /* ChatScreenCoordinator.swift in Sources */,
				069227C028C6D61500C3D716 /* TabBarCoordinator.swift in Sources */,
				069227E328C6DA7A00C3D716 /* RequestsScreenCoordinator.swift in Sources */,
				069227BD28C6CB5700C3D716 /* Coordinator.swift in Sources */,
				066AB34728CA93D200171CD5 /* TravelInfoScreenViewController.swift in Sources */,
				06781B8E28CBE0DD00762024 /* VolumeSizeController.swift in Sources */,
				062519F428C68AAB008605F1 /* AppDelegate.swift in Sources */,
				069227C228C6D67800C3D716 /* MenuTabBarController.swift in Sources */,
				066161CE28C9239A009799A5 /* SelectTransportScreenCoordinator.swift in Sources */,
				062519F628C68AAB008605F1 /* SceneDelegate.swift in Sources */,
				066161CB28C92307009799A5 /* SelectTransportScreenViewController.swift in Sources */,
				069227D028C6D86200C3D716 /* NotificationsScreenViewController.swift in Sources */,
				067CAA6A28CBEB4F001FE5C1 /* VolumeSizeViewModel.swift in Sources */,
				060FAD1E28CAE0BC00E66AB3 /* CustomTF.swift in Sources */,
				069227E528C6DA9E00C3D716 /* DeliveriesScreenCoordinator.swift in Sources */,
			);
			runOnlyForDeploymentPostprocessing = 0;
		};
		06251A0528C68AAC008605F1 /* Sources */ = {
			isa = PBXSourcesBuildPhase;
			buildActionMask = 2147483647;
			files = (
				06251A0E28C68AAC008605F1 /* MuvverAppTests.swift in Sources */,
			);
			runOnlyForDeploymentPostprocessing = 0;
		};
		06251A0F28C68AAC008605F1 /* Sources */ = {
			isa = PBXSourcesBuildPhase;
			buildActionMask = 2147483647;
			files = (
				06251A1828C68AAC008605F1 /* MuvverAppUITests.swift in Sources */,
				06251A1A28C68AAC008605F1 /* MuvverAppUITestsLaunchTests.swift in Sources */,
			);
			runOnlyForDeploymentPostprocessing = 0;
		};
/* End PBXSourcesBuildPhase section */

/* Begin PBXTargetDependency section */
		06251A0B28C68AAC008605F1 /* PBXTargetDependency */ = {
			isa = PBXTargetDependency;
			target = 062519EF28C68AAB008605F1 /* MuvverApp */;
			targetProxy = 06251A0A28C68AAC008605F1 /* PBXContainerItemProxy */;
		};
		06251A1528C68AAC008605F1 /* PBXTargetDependency */ = {
			isa = PBXTargetDependency;
			target = 062519EF28C68AAB008605F1 /* MuvverApp */;
			targetProxy = 06251A1428C68AAC008605F1 /* PBXContainerItemProxy */;
		};
/* End PBXTargetDependency section */

/* Begin PBXVariantGroup section */
		06251A0128C68AAC008605F1 /* LaunchScreen.storyboard */ = {
			isa = PBXVariantGroup;
			children = (
				06251A0228C68AAC008605F1 /* Base */,
			);
			name = LaunchScreen.storyboard;
			sourceTree = "<group>";
		};
/* End PBXVariantGroup section */

/* Begin XCBuildConfiguration section */
		06251A1B28C68AAC008605F1 /* Debug */ = {
			isa = XCBuildConfiguration;
			buildSettings = {
				ALWAYS_SEARCH_USER_PATHS = NO;
				CLANG_ANALYZER_NONNULL = YES;
				CLANG_ANALYZER_NUMBER_OBJECT_CONVERSION = YES_AGGRESSIVE;
				CLANG_CXX_LANGUAGE_STANDARD = "gnu++17";
				CLANG_ENABLE_MODULES = YES;
				CLANG_ENABLE_OBJC_ARC = YES;
				CLANG_ENABLE_OBJC_WEAK = YES;
				CLANG_WARN_BLOCK_CAPTURE_AUTORELEASING = YES;
				CLANG_WARN_BOOL_CONVERSION = YES;
				CLANG_WARN_COMMA = YES;
				CLANG_WARN_CONSTANT_CONVERSION = YES;
				CLANG_WARN_DEPRECATED_OBJC_IMPLEMENTATIONS = YES;
				CLANG_WARN_DIRECT_OBJC_ISA_USAGE = YES_ERROR;
				CLANG_WARN_DOCUMENTATION_COMMENTS = YES;
				CLANG_WARN_EMPTY_BODY = YES;
				CLANG_WARN_ENUM_CONVERSION = YES;
				CLANG_WARN_INFINITE_RECURSION = YES;
				CLANG_WARN_INT_CONVERSION = YES;
				CLANG_WARN_NON_LITERAL_NULL_CONVERSION = YES;
				CLANG_WARN_OBJC_IMPLICIT_RETAIN_SELF = YES;
				CLANG_WARN_OBJC_LITERAL_CONVERSION = YES;
				CLANG_WARN_OBJC_ROOT_CLASS = YES_ERROR;
				CLANG_WARN_QUOTED_INCLUDE_IN_FRAMEWORK_HEADER = YES;
				CLANG_WARN_RANGE_LOOP_ANALYSIS = YES;
				CLANG_WARN_STRICT_PROTOTYPES = YES;
				CLANG_WARN_SUSPICIOUS_MOVE = YES;
				CLANG_WARN_UNGUARDED_AVAILABILITY = YES_AGGRESSIVE;
				CLANG_WARN_UNREACHABLE_CODE = YES;
				CLANG_WARN__DUPLICATE_METHOD_MATCH = YES;
				COPY_PHASE_STRIP = NO;
				DEBUG_INFORMATION_FORMAT = dwarf;
				ENABLE_STRICT_OBJC_MSGSEND = YES;
				ENABLE_TESTABILITY = YES;
				GCC_C_LANGUAGE_STANDARD = gnu11;
				GCC_DYNAMIC_NO_PIC = NO;
				GCC_NO_COMMON_BLOCKS = YES;
				GCC_OPTIMIZATION_LEVEL = 0;
				GCC_PREPROCESSOR_DEFINITIONS = (
					"DEBUG=1",
					"$(inherited)",
				);
				GCC_WARN_64_TO_32_BIT_CONVERSION = YES;
				GCC_WARN_ABOUT_RETURN_TYPE = YES_ERROR;
				GCC_WARN_UNDECLARED_SELECTOR = YES;
				GCC_WARN_UNINITIALIZED_AUTOS = YES_AGGRESSIVE;
				GCC_WARN_UNUSED_FUNCTION = YES;
				GCC_WARN_UNUSED_VARIABLE = YES;
				IPHONEOS_DEPLOYMENT_TARGET = 15.5;
				MTL_ENABLE_DEBUG_INFO = INCLUDE_SOURCE;
				MTL_FAST_MATH = YES;
				ONLY_ACTIVE_ARCH = YES;
				SDKROOT = iphoneos;
				SWIFT_ACTIVE_COMPILATION_CONDITIONS = DEBUG;
				SWIFT_OPTIMIZATION_LEVEL = "-Onone";
			};
			name = Debug;
		};
		06251A1C28C68AAC008605F1 /* Release */ = {
			isa = XCBuildConfiguration;
			buildSettings = {
				ALWAYS_SEARCH_USER_PATHS = NO;
				CLANG_ANALYZER_NONNULL = YES;
				CLANG_ANALYZER_NUMBER_OBJECT_CONVERSION = YES_AGGRESSIVE;
				CLANG_CXX_LANGUAGE_STANDARD = "gnu++17";
				CLANG_ENABLE_MODULES = YES;
				CLANG_ENABLE_OBJC_ARC = YES;
				CLANG_ENABLE_OBJC_WEAK = YES;
				CLANG_WARN_BLOCK_CAPTURE_AUTORELEASING = YES;
				CLANG_WARN_BOOL_CONVERSION = YES;
				CLANG_WARN_COMMA = YES;
				CLANG_WARN_CONSTANT_CONVERSION = YES;
				CLANG_WARN_DEPRECATED_OBJC_IMPLEMENTATIONS = YES;
				CLANG_WARN_DIRECT_OBJC_ISA_USAGE = YES_ERROR;
				CLANG_WARN_DOCUMENTATION_COMMENTS = YES;
				CLANG_WARN_EMPTY_BODY = YES;
				CLANG_WARN_ENUM_CONVERSION = YES;
				CLANG_WARN_INFINITE_RECURSION = YES;
				CLANG_WARN_INT_CONVERSION = YES;
				CLANG_WARN_NON_LITERAL_NULL_CONVERSION = YES;
				CLANG_WARN_OBJC_IMPLICIT_RETAIN_SELF = YES;
				CLANG_WARN_OBJC_LITERAL_CONVERSION = YES;
				CLANG_WARN_OBJC_ROOT_CLASS = YES_ERROR;
				CLANG_WARN_QUOTED_INCLUDE_IN_FRAMEWORK_HEADER = YES;
				CLANG_WARN_RANGE_LOOP_ANALYSIS = YES;
				CLANG_WARN_STRICT_PROTOTYPES = YES;
				CLANG_WARN_SUSPICIOUS_MOVE = YES;
				CLANG_WARN_UNGUARDED_AVAILABILITY = YES_AGGRESSIVE;
				CLANG_WARN_UNREACHABLE_CODE = YES;
				CLANG_WARN__DUPLICATE_METHOD_MATCH = YES;
				COPY_PHASE_STRIP = NO;
				DEBUG_INFORMATION_FORMAT = "dwarf-with-dsym";
				ENABLE_NS_ASSERTIONS = NO;
				ENABLE_STRICT_OBJC_MSGSEND = YES;
				GCC_C_LANGUAGE_STANDARD = gnu11;
				GCC_NO_COMMON_BLOCKS = YES;
				GCC_WARN_64_TO_32_BIT_CONVERSION = YES;
				GCC_WARN_ABOUT_RETURN_TYPE = YES_ERROR;
				GCC_WARN_UNDECLARED_SELECTOR = YES;
				GCC_WARN_UNINITIALIZED_AUTOS = YES_AGGRESSIVE;
				GCC_WARN_UNUSED_FUNCTION = YES;
				GCC_WARN_UNUSED_VARIABLE = YES;
				IPHONEOS_DEPLOYMENT_TARGET = 15.5;
				MTL_ENABLE_DEBUG_INFO = NO;
				MTL_FAST_MATH = YES;
				SDKROOT = iphoneos;
				SWIFT_COMPILATION_MODE = wholemodule;
				SWIFT_OPTIMIZATION_LEVEL = "-O";
				VALIDATE_PRODUCT = YES;
			};
			name = Release;
		};
		06251A1E28C68AAC008605F1 /* Debug */ = {
			isa = XCBuildConfiguration;
			baseConfigurationReference = 2A790427B6B87768E230A7C9 /* Pods-MuvverApp.debug.xcconfig */;
			buildSettings = {
				ASSETCATALOG_COMPILER_APPICON_NAME = AppIcon;
				ASSETCATALOG_COMPILER_GLOBAL_ACCENT_COLOR_NAME = AccentColor;
				CODE_SIGN_STYLE = Automatic;
				CURRENT_PROJECT_VERSION = 1;
				DEVELOPMENT_TEAM = SAVTXQ62KA;
				GENERATE_INFOPLIST_FILE = YES;
				INFOPLIST_FILE = MuvverApp/Info.plist;
				INFOPLIST_KEY_UIApplicationSupportsIndirectInputEvents = YES;
				INFOPLIST_KEY_UILaunchStoryboardName = LaunchScreen;
				INFOPLIST_KEY_UISupportedInterfaceOrientations_iPad = "UIInterfaceOrientationPortrait UIInterfaceOrientationPortraitUpsideDown UIInterfaceOrientationLandscapeLeft UIInterfaceOrientationLandscapeRight";
				INFOPLIST_KEY_UISupportedInterfaceOrientations_iPhone = "UIInterfaceOrientationPortrait UIInterfaceOrientationLandscapeLeft UIInterfaceOrientationLandscapeRight";
				IPHONEOS_DEPLOYMENT_TARGET = 13.0;
				LD_RUNPATH_SEARCH_PATHS = (
					"$(inherited)",
					"@executable_path/Frameworks",
				);
				MARKETING_VERSION = 1.0;
				PRODUCT_BUNDLE_IDENTIFIER = com.lucaspinto.MuvverApp;
				PRODUCT_NAME = "$(TARGET_NAME)";
				SWIFT_EMIT_LOC_STRINGS = YES;
				SWIFT_VERSION = 5.0;
				TARGETED_DEVICE_FAMILY = "1,2";
			};
			name = Debug;
		};
		06251A1F28C68AAC008605F1 /* Release */ = {
			isa = XCBuildConfiguration;
			baseConfigurationReference = 1768F857B3E8CD945A6D6454 /* Pods-MuvverApp.release.xcconfig */;
			buildSettings = {
				ASSETCATALOG_COMPILER_APPICON_NAME = AppIcon;
				ASSETCATALOG_COMPILER_GLOBAL_ACCENT_COLOR_NAME = AccentColor;
				CODE_SIGN_STYLE = Automatic;
				CURRENT_PROJECT_VERSION = 1;
				DEVELOPMENT_TEAM = SAVTXQ62KA;
				GENERATE_INFOPLIST_FILE = YES;
				INFOPLIST_FILE = MuvverApp/Info.plist;
				INFOPLIST_KEY_UIApplicationSupportsIndirectInputEvents = YES;
				INFOPLIST_KEY_UILaunchStoryboardName = LaunchScreen;
				INFOPLIST_KEY_UISupportedInterfaceOrientations_iPad = "UIInterfaceOrientationPortrait UIInterfaceOrientationPortraitUpsideDown UIInterfaceOrientationLandscapeLeft UIInterfaceOrientationLandscapeRight";
				INFOPLIST_KEY_UISupportedInterfaceOrientations_iPhone = "UIInterfaceOrientationPortrait UIInterfaceOrientationLandscapeLeft UIInterfaceOrientationLandscapeRight";
				IPHONEOS_DEPLOYMENT_TARGET = 13.0;
				LD_RUNPATH_SEARCH_PATHS = (
					"$(inherited)",
					"@executable_path/Frameworks",
				);
				MARKETING_VERSION = 1.0;
				PRODUCT_BUNDLE_IDENTIFIER = com.lucaspinto.MuvverApp;
				PRODUCT_NAME = "$(TARGET_NAME)";
				SWIFT_EMIT_LOC_STRINGS = YES;
				SWIFT_VERSION = 5.0;
				TARGETED_DEVICE_FAMILY = "1,2";
			};
			name = Release;
		};
		06251A2128C68AAC008605F1 /* Debug */ = {
			isa = XCBuildConfiguration;
			baseConfigurationReference = F5D042B876B3BA86676F8F66 /* Pods-MuvverAppTests.debug.xcconfig */;
			buildSettings = {
				ALWAYS_EMBED_SWIFT_STANDARD_LIBRARIES = YES;
				BUNDLE_LOADER = "$(TEST_HOST)";
				CODE_SIGN_STYLE = Automatic;
				CURRENT_PROJECT_VERSION = 1;
				DEVELOPMENT_TEAM = SAVTXQ62KA;
				GENERATE_INFOPLIST_FILE = YES;
				IPHONEOS_DEPLOYMENT_TARGET = 15.5;
				MARKETING_VERSION = 1.0;
				PRODUCT_BUNDLE_IDENTIFIER = com.lucaspinto.MuvverAppTests;
				PRODUCT_NAME = "$(TARGET_NAME)";
				SWIFT_EMIT_LOC_STRINGS = NO;
				SWIFT_VERSION = 5.0;
				TARGETED_DEVICE_FAMILY = "1,2";
				TEST_HOST = "$(BUILT_PRODUCTS_DIR)/MuvverApp.app/MuvverApp";
			};
			name = Debug;
		};
		06251A2228C68AAC008605F1 /* Release */ = {
			isa = XCBuildConfiguration;
			baseConfigurationReference = 77CF533FFCEA40F8A64898F9 /* Pods-MuvverAppTests.release.xcconfig */;
			buildSettings = {
				ALWAYS_EMBED_SWIFT_STANDARD_LIBRARIES = YES;
				BUNDLE_LOADER = "$(TEST_HOST)";
				CODE_SIGN_STYLE = Automatic;
				CURRENT_PROJECT_VERSION = 1;
				DEVELOPMENT_TEAM = SAVTXQ62KA;
				GENERATE_INFOPLIST_FILE = YES;
				IPHONEOS_DEPLOYMENT_TARGET = 15.5;
				MARKETING_VERSION = 1.0;
				PRODUCT_BUNDLE_IDENTIFIER = com.lucaspinto.MuvverAppTests;
				PRODUCT_NAME = "$(TARGET_NAME)";
				SWIFT_EMIT_LOC_STRINGS = NO;
				SWIFT_VERSION = 5.0;
				TARGETED_DEVICE_FAMILY = "1,2";
				TEST_HOST = "$(BUILT_PRODUCTS_DIR)/MuvverApp.app/MuvverApp";
			};
			name = Release;
		};
		06251A2428C68AAC008605F1 /* Debug */ = {
			isa = XCBuildConfiguration;
			baseConfigurationReference = 81CA99B271C00EC3491F36B0 /* Pods-MuvverApp-MuvverAppUITests.debug.xcconfig */;
			buildSettings = {
				ALWAYS_EMBED_SWIFT_STANDARD_LIBRARIES = YES;
				CODE_SIGN_STYLE = Automatic;
				CURRENT_PROJECT_VERSION = 1;
				DEVELOPMENT_TEAM = SAVTXQ62KA;
				GENERATE_INFOPLIST_FILE = YES;
				MARKETING_VERSION = 1.0;
				PRODUCT_BUNDLE_IDENTIFIER = com.lucaspinto.MuvverAppUITests;
				PRODUCT_NAME = "$(TARGET_NAME)";
				SWIFT_EMIT_LOC_STRINGS = NO;
				SWIFT_VERSION = 5.0;
				TARGETED_DEVICE_FAMILY = "1,2";
				TEST_TARGET_NAME = MuvverApp;
			};
			name = Debug;
		};
		06251A2528C68AAC008605F1 /* Release */ = {
			isa = XCBuildConfiguration;
			baseConfigurationReference = 89C95C4CFFB31F17B1C62913 /* Pods-MuvverApp-MuvverAppUITests.release.xcconfig */;
			buildSettings = {
				ALWAYS_EMBED_SWIFT_STANDARD_LIBRARIES = YES;
				CODE_SIGN_STYLE = Automatic;
				CURRENT_PROJECT_VERSION = 1;
				DEVELOPMENT_TEAM = SAVTXQ62KA;
				GENERATE_INFOPLIST_FILE = YES;
				MARKETING_VERSION = 1.0;
				PRODUCT_BUNDLE_IDENTIFIER = com.lucaspinto.MuvverAppUITests;
				PRODUCT_NAME = "$(TARGET_NAME)";
				SWIFT_EMIT_LOC_STRINGS = NO;
				SWIFT_VERSION = 5.0;
				TARGETED_DEVICE_FAMILY = "1,2";
				TEST_TARGET_NAME = MuvverApp;
			};
			name = Release;
		};
/* End XCBuildConfiguration section */

/* Begin XCConfigurationList section */
		062519EB28C68AAB008605F1 /* Build configuration list for PBXProject "MuvverApp" */ = {
			isa = XCConfigurationList;
			buildConfigurations = (
				06251A1B28C68AAC008605F1 /* Debug */,
				06251A1C28C68AAC008605F1 /* Release */,
			);
			defaultConfigurationIsVisible = 0;
			defaultConfigurationName = Release;
		};
		06251A1D28C68AAC008605F1 /* Build configuration list for PBXNativeTarget "MuvverApp" */ = {
			isa = XCConfigurationList;
			buildConfigurations = (
				06251A1E28C68AAC008605F1 /* Debug */,
				06251A1F28C68AAC008605F1 /* Release */,
			);
			defaultConfigurationIsVisible = 0;
			defaultConfigurationName = Release;
		};
		06251A2028C68AAC008605F1 /* Build configuration list for PBXNativeTarget "MuvverAppTests" */ = {
			isa = XCConfigurationList;
			buildConfigurations = (
				06251A2128C68AAC008605F1 /* Debug */,
				06251A2228C68AAC008605F1 /* Release */,
			);
			defaultConfigurationIsVisible = 0;
			defaultConfigurationName = Release;
		};
		06251A2328C68AAC008605F1 /* Build configuration list for PBXNativeTarget "MuvverAppUITests" */ = {
			isa = XCConfigurationList;
			buildConfigurations = (
				06251A2428C68AAC008605F1 /* Debug */,
				06251A2528C68AAC008605F1 /* Release */,
			);
			defaultConfigurationIsVisible = 0;
			defaultConfigurationName = Release;
		};
/* End XCConfigurationList section */

/* Begin XCVersionGroup section */
		062519FC28C68AAB008605F1 /* MuvverApp.xcdatamodeld */ = {
			isa = XCVersionGroup;
			children = (
				062519FD28C68AAB008605F1 /* MuvverApp.xcdatamodel */,
			);
			currentVersion = 062519FD28C68AAB008605F1 /* MuvverApp.xcdatamodel */;
			path = MuvverApp.xcdatamodeld;
			sourceTree = "<group>";
			versionGroupType = wrapper.xcdatamodel;
		};
/* End XCVersionGroup section */
	};
	rootObject = 062519E828C68AAB008605F1 /* Project object */;
}
